// !$*UTF8*$!
{
	archiveVersion = 1;
	classes = {
	};
	objectVersion = 50;
	objects = {

/* Begin PBXBuildFile section */
		641121B62541C64D00917E72 /* AppDelegate.swift in Sources */ = {isa = PBXBuildFile; fileRef = 641121B52541C64D00917E72 /* AppDelegate.swift */; };
		641121B82541C64D00917E72 /* SceneDelegate.swift in Sources */ = {isa = PBXBuildFile; fileRef = 641121B72541C64D00917E72 /* SceneDelegate.swift */; };
		641121BA2541C64D00917E72 /* ViewController.swift in Sources */ = {isa = PBXBuildFile; fileRef = 641121B92541C64D00917E72 /* ViewController.swift */; };
		641121BD2541C64D00917E72 /* Main.storyboard in Resources */ = {isa = PBXBuildFile; fileRef = 641121BB2541C64D00917E72 /* Main.storyboard */; };
		641121BF2541C64E00917E72 /* Assets.xcassets in Resources */ = {isa = PBXBuildFile; fileRef = 641121BE2541C64E00917E72 /* Assets.xcassets */; };
		641121C22541C64E00917E72 /* LaunchScreen.storyboard in Resources */ = {isa = PBXBuildFile; fileRef = 641121C02541C64E00917E72 /* LaunchScreen.storyboard */; };
		641121CD2541C64F00917E72 /* Instagram_iOSTests.swift in Sources */ = {isa = PBXBuildFile; fileRef = 641121CC2541C64F00917E72 /* Instagram_iOSTests.swift */; };
		641121D82541C64F00917E72 /* Instagram_iOSUITests.swift in Sources */ = {isa = PBXBuildFile; fileRef = 641121D72541C64F00917E72 /* Instagram_iOSUITests.swift */; };
/* End PBXBuildFile section */

/* Begin PBXContainerItemProxy section */
		641121C92541C64F00917E72 /* PBXContainerItemProxy */ = {
			isa = PBXContainerItemProxy;
			containerPortal = 641121AA2541C64D00917E72 /* Project object */;
			proxyType = 1;
			remoteGlobalIDString = 641121B12541C64D00917E72;
			remoteInfo = Instagram_iOS;
		};
		641121D42541C64F00917E72 /* PBXContainerItemProxy */ = {
			isa = PBXContainerItemProxy;
			containerPortal = 641121AA2541C64D00917E72 /* Project object */;
			proxyType = 1;
			remoteGlobalIDString = 641121B12541C64D00917E72;
			remoteInfo = Instagram_iOS;
		};
/* End PBXContainerItemProxy section */

/* Begin PBXFileReference section */
		641121B22541C64D00917E72 /* Instagram_iOS.app */ = {isa = PBXFileReference; explicitFileType = wrapper.application; includeInIndex = 0; path = Instagram_iOS.app; sourceTree = BUILT_PRODUCTS_DIR; };
		641121B52541C64D00917E72 /* AppDelegate.swift */ = {isa = PBXFileReference; lastKnownFileType = sourcecode.swift; path = AppDelegate.swift; sourceTree = "<group>"; };
		641121B72541C64D00917E72 /* SceneDelegate.swift */ = {isa = PBXFileReference; lastKnownFileType = sourcecode.swift; path = SceneDelegate.swift; sourceTree = "<group>"; };
		641121B92541C64D00917E72 /* ViewController.swift */ = {isa = PBXFileReference; lastKnownFileType = sourcecode.swift; path = ViewController.swift; sourceTree = "<group>"; };
		641121BC2541C64D00917E72 /* Base */ = {isa = PBXFileReference; lastKnownFileType = file.storyboard; name = Base; path = Base.lproj/Main.storyboard; sourceTree = "<group>"; };
		641121BE2541C64E00917E72 /* Assets.xcassets */ = {isa = PBXFileReference; lastKnownFileType = folder.assetcatalog; path = Assets.xcassets; sourceTree = "<group>"; };
		641121C12541C64E00917E72 /* Base */ = {isa = PBXFileReference; lastKnownFileType = file.storyboard; name = Base; path = Base.lproj/LaunchScreen.storyboard; sourceTree = "<group>"; };
		641121C32541C64E00917E72 /* Info.plist */ = {isa = PBXFileReference; lastKnownFileType = text.plist.xml; path = Info.plist; sourceTree = "<group>"; };
		641121C82541C64F00917E72 /* Instagram_iOSTests.xctest */ = {isa = PBXFileReference; explicitFileType = wrapper.cfbundle; includeInIndex = 0; path = Instagram_iOSTests.xctest; sourceTree = BUILT_PRODUCTS_DIR; };
		641121CC2541C64F00917E72 /* Instagram_iOSTests.swift */ = {isa = PBXFileReference; lastKnownFileType = sourcecode.swift; path = Instagram_iOSTests.swift; sourceTree = "<group>"; };
		641121CE2541C64F00917E72 /* Info.plist */ = {isa = PBXFileReference; lastKnownFileType = text.plist.xml; path = Info.plist; sourceTree = "<group>"; };
		641121D32541C64F00917E72 /* Instagram_iOSUITests.xctest */ = {isa = PBXFileReference; explicitFileType = wrapper.cfbundle; includeInIndex = 0; path = Instagram_iOSUITests.xctest; sourceTree = BUILT_PRODUCTS_DIR; };
		641121D72541C64F00917E72 /* Instagram_iOSUITests.swift */ = {isa = PBXFileReference; lastKnownFileType = sourcecode.swift; path = Instagram_iOSUITests.swift; sourceTree = "<group>"; };
		641121D92541C64F00917E72 /* Info.plist */ = {isa = PBXFileReference; lastKnownFileType = text.plist.xml; path = Info.plist; sourceTree = "<group>"; };
/* End PBXFileReference section */

/* Begin PBXFrameworksBuildPhase section */
		641121AF2541C64D00917E72 /* Frameworks */ = {
			isa = PBXFrameworksBuildPhase;
			buildActionMask = 2147483647;
			files = (
			);
			runOnlyForDeploymentPostprocessing = 0;
		};
		641121C52541C64F00917E72 /* Frameworks */ = {
			isa = PBXFrameworksBuildPhase;
			buildActionMask = 2147483647;
			files = (
			);
			runOnlyForDeploymentPostprocessing = 0;
		};
		641121D02541C64F00917E72 /* Frameworks */ = {
			isa = PBXFrameworksBuildPhase;
			buildActionMask = 2147483647;
			files = (
			);
			runOnlyForDeploymentPostprocessing = 0;
		};
/* End PBXFrameworksBuildPhase section */

/* Begin PBXGroup section */
		641121A92541C64D00917E72 = {
			isa = PBXGroup;
			children = (
				641121B42541C64D00917E72 /* Instagram_iOS */,
				641121CB2541C64F00917E72 /* Instagram_iOSTests */,
				641121D62541C64F00917E72 /* Instagram_iOSUITests */,
				641121B32541C64D00917E72 /* Products */,
			);
			sourceTree = "<group>";
		};
		641121B32541C64D00917E72 /* Products */ = {
			isa = PBXGroup;
			children = (
				641121B22541C64D00917E72 /* Instagram_iOS.app */,
				641121C82541C64F00917E72 /* Instagram_iOSTests.xctest */,
				641121D32541C64F00917E72 /* Instagram_iOSUITests.xctest */,
			);
			name = Products;
			sourceTree = "<group>";
		};
		641121B42541C64D00917E72 /* Instagram_iOS */ = {
			isa = PBXGroup;
			children = (
				641121B52541C64D00917E72 /* AppDelegate.swift */,
				641121B72541C64D00917E72 /* SceneDelegate.swift */,
				641121B92541C64D00917E72 /* ViewController.swift */,
				641121BB2541C64D00917E72 /* Main.storyboard */,
				641121BE2541C64E00917E72 /* Assets.xcassets */,
				641121C02541C64E00917E72 /* LaunchScreen.storyboard */,
				641121C32541C64E00917E72 /* Info.plist */,
			);
			path = Instagram_iOS;
			sourceTree = "<group>";
		};
		641121CB2541C64F00917E72 /* Instagram_iOSTests */ = {
			isa = PBXGroup;
			children = (
				641121CC2541C64F00917E72 /* Instagram_iOSTests.swift */,
				641121CE2541C64F00917E72 /* Info.plist */,
			);
			path = Instagram_iOSTests;
			sourceTree = "<group>";
		};
		641121D62541C64F00917E72 /* Instagram_iOSUITests */ = {
			isa = PBXGroup;
			children = (
				641121D72541C64F00917E72 /* Instagram_iOSUITests.swift */,
				641121D92541C64F00917E72 /* Info.plist */,
			);
			path = Instagram_iOSUITests;
			sourceTree = "<group>";
		};
/* End PBXGroup section */

/* Begin PBXNativeTarget section */
		641121B12541C64D00917E72 /* Instagram_iOS */ = {
			isa = PBXNativeTarget;
			buildConfigurationList = 641121DC2541C64F00917E72 /* Build configuration list for PBXNativeTarget "Instagram_iOS" */;
			buildPhases = (
				641121AE2541C64D00917E72 /* Sources */,
				641121AF2541C64D00917E72 /* Frameworks */,
				641121B02541C64D00917E72 /* Resources */,
			);
			buildRules = (
			);
			dependencies = (
			);
			name = Instagram_iOS;
			productName = Instagram_iOS;
			productReference = 641121B22541C64D00917E72 /* Instagram_iOS.app */;
			productType = "com.apple.product-type.application";
		};
		641121C72541C64F00917E72 /* Instagram_iOSTests */ = {
			isa = PBXNativeTarget;
			buildConfigurationList = 641121DF2541C64F00917E72 /* Build configuration list for PBXNativeTarget "Instagram_iOSTests" */;
			buildPhases = (
				641121C42541C64F00917E72 /* Sources */,
				641121C52541C64F00917E72 /* Frameworks */,
				641121C62541C64F00917E72 /* Resources */,
			);
			buildRules = (
			);
			dependencies = (
				641121CA2541C64F00917E72 /* PBXTargetDependency */,
			);
			name = Instagram_iOSTests;
			productName = Instagram_iOSTests;
			productReference = 641121C82541C64F00917E72 /* Instagram_iOSTests.xctest */;
			productType = "com.apple.product-type.bundle.unit-test";
		};
		641121D22541C64F00917E72 /* Instagram_iOSUITests */ = {
			isa = PBXNativeTarget;
			buildConfigurationList = 641121E22541C64F00917E72 /* Build configuration list for PBXNativeTarget "Instagram_iOSUITests" */;
			buildPhases = (
				641121CF2541C64F00917E72 /* Sources */,
				641121D02541C64F00917E72 /* Frameworks */,
				641121D12541C64F00917E72 /* Resources */,
			);
			buildRules = (
			);
			dependencies = (
				641121D52541C64F00917E72 /* PBXTargetDependency */,
			);
			name = Instagram_iOSUITests;
			productName = Instagram_iOSUITests;
			productReference = 641121D32541C64F00917E72 /* Instagram_iOSUITests.xctest */;
			productType = "com.apple.product-type.bundle.ui-testing";
		};
/* End PBXNativeTarget section */

/* Begin PBXProject section */
		641121AA2541C64D00917E72 /* Project object */ = {
			isa = PBXProject;
			attributes = {
				LastSwiftUpdateCheck = 1200;
				LastUpgradeCheck = 1200;
				TargetAttributes = {
					641121B12541C64D00917E72 = {
						CreatedOnToolsVersion = 12.0.1;
					};
					641121C72541C64F00917E72 = {
						CreatedOnToolsVersion = 12.0.1;
						TestTargetID = 641121B12541C64D00917E72;
					};
					641121D22541C64F00917E72 = {
						CreatedOnToolsVersion = 12.0.1;
						TestTargetID = 641121B12541C64D00917E72;
					};
				};
			};
			buildConfigurationList = 641121AD2541C64D00917E72 /* Build configuration list for PBXProject "Instagram_iOS" */;
			compatibilityVersion = "Xcode 9.3";
			developmentRegion = en;
			hasScannedForEncodings = 0;
			knownRegions = (
				en,
				Base,
			);
			mainGroup = 641121A92541C64D00917E72;
			productRefGroup = 641121B32541C64D00917E72 /* Products */;
			projectDirPath = "";
			projectRoot = "";
			targets = (
				641121B12541C64D00917E72 /* Instagram_iOS */,
				641121C72541C64F00917E72 /* Instagram_iOSTests */,
				641121D22541C64F00917E72 /* Instagram_iOSUITests */,
			);
		};
/* End PBXProject section */

/* Begin PBXResourcesBuildPhase section */
		641121B02541C64D00917E72 /* Resources */ = {
			isa = PBXResourcesBuildPhase;
			buildActionMask = 2147483647;
			files = (
				641121C22541C64E00917E72 /* LaunchScreen.storyboard in Resources */,
				641121BF2541C64E00917E72 /* Assets.xcassets in Resources */,
				641121BD2541C64D00917E72 /* Main.storyboard in Resources */,
			);
			runOnlyForDeploymentPostprocessing = 0;
		};
		641121C62541C64F00917E72 /* Resources */ = {
			isa = PBXResourcesBuildPhase;
			buildActionMask = 2147483647;
			files = (
			);
			runOnlyForDeploymentPostprocessing = 0;
		};
		641121D12541C64F00917E72 /* Resources */ = {
			isa = PBXResourcesBuildPhase;
			buildActionMask = 2147483647;
			files = (
			);
			runOnlyForDeploymentPostprocessing = 0;
		};
/* End PBXResourcesBuildPhase section */

/* Begin PBXSourcesBuildPhase section */
		641121AE2541C64D00917E72 /* Sources */ = {
			isa = PBXSourcesBuildPhase;
			buildActionMask = 2147483647;
			files = (
				641121BA2541C64D00917E72 /* ViewController.swift in Sources */,
				641121B62541C64D00917E72 /* AppDelegate.swift in Sources */,
				641121B82541C64D00917E72 /* SceneDelegate.swift in Sources */,
			);
			runOnlyForDeploymentPostprocessing = 0;
		};
		641121C42541C64F00917E72 /* Sources */ = {
			isa = PBXSourcesBuildPhase;
			buildActionMask = 2147483647;
			files = (
				641121CD2541C64F00917E72 /* Instagram_iOSTests.swift in Sources */,
			);
			runOnlyForDeploymentPostprocessing = 0;
		};
		641121CF2541C64F00917E72 /* Sources */ = {
			isa = PBXSourcesBuildPhase;
			buildActionMask = 2147483647;
			files = (
				641121D82541C64F00917E72 /* Instagram_iOSUITests.swift in Sources */,
			);
			runOnlyForDeploymentPostprocessing = 0;
		};
/* End PBXSourcesBuildPhase section */

/* Begin PBXTargetDependency section */
		641121CA2541C64F00917E72 /* PBXTargetDependency */ = {
			isa = PBXTargetDependency;
			target = 641121B12541C64D00917E72 /* Instagram_iOS */;
			targetProxy = 641121C92541C64F00917E72 /* PBXContainerItemProxy */;
		};
		641121D52541C64F00917E72 /* PBXTargetDependency */ = {
			isa = PBXTargetDependency;
			target = 641121B12541C64D00917E72 /* Instagram_iOS */;
			targetProxy = 641121D42541C64F00917E72 /* PBXContainerItemProxy */;
		};
/* End PBXTargetDependency section */

/* Begin PBXVariantGroup section */
		641121BB2541C64D00917E72 /* Main.storyboard */ = {
			isa = PBXVariantGroup;
			children = (
				641121BC2541C64D00917E72 /* Base */,
			);
			name = Main.storyboard;
			sourceTree = "<group>";
		};
		641121C02541C64E00917E72 /* LaunchScreen.storyboard */ = {
			isa = PBXVariantGroup;
			children = (
				641121C12541C64E00917E72 /* Base */,
			);
			name = LaunchScreen.storyboard;
			sourceTree = "<group>";
		};
/* End PBXVariantGroup section */

/* Begin XCBuildConfiguration section */
		641121DA2541C64F00917E72 /* Debug */ = {
			isa = XCBuildConfiguration;
			buildSettings = {
				ALWAYS_SEARCH_USER_PATHS = NO;
				CLANG_ANALYZER_NONNULL = YES;
				CLANG_ANALYZER_NUMBER_OBJECT_CONVERSION = YES_AGGRESSIVE;
				CLANG_CXX_LANGUAGE_STANDARD = "gnu++14";
				CLANG_CXX_LIBRARY = "libc++";
				CLANG_ENABLE_MODULES = YES;
				CLANG_ENABLE_OBJC_ARC = YES;
				CLANG_ENABLE_OBJC_WEAK = YES;
				CLANG_WARN_BLOCK_CAPTURE_AUTORELEASING = YES;
				CLANG_WARN_BOOL_CONVERSION = YES;
				CLANG_WARN_COMMA = YES;
				CLANG_WARN_CONSTANT_CONVERSION = YES;
				CLANG_WARN_DEPRECATED_OBJC_IMPLEMENTATIONS = YES;
				CLANG_WARN_DIRECT_OBJC_ISA_USAGE = YES_ERROR;
				CLANG_WARN_DOCUMENTATION_COMMENTS = YES;
				CLANG_WARN_EMPTY_BODY = YES;
				CLANG_WARN_ENUM_CONVERSION = YES;
				CLANG_WARN_INFINITE_RECURSION = YES;
				CLANG_WARN_INT_CONVERSION = YES;
				CLANG_WARN_NON_LITERAL_NULL_CONVERSION = YES;
				CLANG_WARN_OBJC_IMPLICIT_RETAIN_SELF = YES;
				CLANG_WARN_OBJC_LITERAL_CONVERSION = YES;
				CLANG_WARN_OBJC_ROOT_CLASS = YES_ERROR;
				CLANG_WARN_QUOTED_INCLUDE_IN_FRAMEWORK_HEADER = YES;
				CLANG_WARN_RANGE_LOOP_ANALYSIS = YES;
				CLANG_WARN_STRICT_PROTOTYPES = YES;
				CLANG_WARN_SUSPICIOUS_MOVE = YES;
				CLANG_WARN_UNGUARDED_AVAILABILITY = YES_AGGRESSIVE;
				CLANG_WARN_UNREACHABLE_CODE = YES;
				CLANG_WARN__DUPLICATE_METHOD_MATCH = YES;
				COPY_PHASE_STRIP = NO;
				DEBUG_INFORMATION_FORMAT = dwarf;
				ENABLE_STRICT_OBJC_MSGSEND = YES;
				ENABLE_TESTABILITY = YES;
				GCC_C_LANGUAGE_STANDARD = gnu11;
				GCC_DYNAMIC_NO_PIC = NO;
				GCC_NO_COMMON_BLOCKS = YES;
				GCC_OPTIMIZATION_LEVEL = 0;
				GCC_PREPROCESSOR_DEFINITIONS = (
					"DEBUG=1",
					"$(inherited)",
				);
				GCC_WARN_64_TO_32_BIT_CONVERSION = YES;
				GCC_WARN_ABOUT_RETURN_TYPE = YES_ERROR;
				GCC_WARN_UNDECLARED_SELECTOR = YES;
				GCC_WARN_UNINITIALIZED_AUTOS = YES_AGGRESSIVE;
				GCC_WARN_UNUSED_FUNCTION = YES;
				GCC_WARN_UNUSED_VARIABLE = YES;
				IPHONEOS_DEPLOYMENT_TARGET = 14.0;
				MTL_ENABLE_DEBUG_INFO = INCLUDE_SOURCE;
				MTL_FAST_MATH = YES;
				ONLY_ACTIVE_ARCH = YES;
				SDKROOT = iphoneos;
				SWIFT_ACTIVE_COMPILATION_CONDITIONS = DEBUG;
				SWIFT_OPTIMIZATION_LEVEL = "-Onone";
			};
			name = Debug;
		};
		641121DB2541C64F00917E72 /* Release */ = {
			isa = XCBuildConfiguration;
			buildSettings = {
				ALWAYS_SEARCH_USER_PATHS = NO;
				CLANG_ANALYZER_NONNULL = YES;
				CLANG_ANALYZER_NUMBER_OBJECT_CONVERSION = YES_AGGRESSIVE;
				CLANG_CXX_LANGUAGE_STANDARD = "gnu++14";
				CLANG_CXX_LIBRARY = "libc++";
				CLANG_ENABLE_MODULES = YES;
				CLANG_ENABLE_OBJC_ARC = YES;
				CLANG_ENABLE_OBJC_WEAK = YES;
				CLANG_WARN_BLOCK_CAPTURE_AUTORELEASING = YES;
				CLANG_WARN_BOOL_CONVERSION = YES;
				CLANG_WARN_COMMA = YES;
				CLANG_WARN_CONSTANT_CONVERSION = YES;
				CLANG_WARN_DEPRECATED_OBJC_IMPLEMENTATIONS = YES;
				CLANG_WARN_DIRECT_OBJC_ISA_USAGE = YES_ERROR;
				CLANG_WARN_DOCUMENTATION_COMMENTS = YES;
				CLANG_WARN_EMPTY_BODY = YES;
				CLANG_WARN_ENUM_CONVERSION = YES;
				CLANG_WARN_INFINITE_RECURSION = YES;
				CLANG_WARN_INT_CONVERSION = YES;
				CLANG_WARN_NON_LITERAL_NULL_CONVERSION = YES;
				CLANG_WARN_OBJC_IMPLICIT_RETAIN_SELF = YES;
				CLANG_WARN_OBJC_LITERAL_CONVERSION = YES;
				CLANG_WARN_OBJC_ROOT_CLASS = YES_ERROR;
				CLANG_WARN_QUOTED_INCLUDE_IN_FRAMEWORK_HEADER = YES;
				CLANG_WARN_RANGE_LOOP_ANALYSIS = YES;
				CLANG_WARN_STRICT_PROTOTYPES = YES;
				CLANG_WARN_SUSPICIOUS_MOVE = YES;
				CLANG_WARN_UNGUARDED_AVAILABILITY = YES_AGGRESSIVE;
				CLANG_WARN_UNREACHABLE_CODE = YES;
				CLANG_WARN__DUPLICATE_METHOD_MATCH = YES;
				COPY_PHASE_STRIP = NO;
				DEBUG_INFORMATION_FORMAT = "dwarf-with-dsym";
				ENABLE_NS_ASSERTIONS = NO;
				ENABLE_STRICT_OBJC_MSGSEND = YES;
				GCC_C_LANGUAGE_STANDARD = gnu11;
				GCC_NO_COMMON_BLOCKS = YES;
				GCC_WARN_64_TO_32_BIT_CONVERSION = YES;
				GCC_WARN_ABOUT_RETURN_TYPE = YES_ERROR;
				GCC_WARN_UNDECLARED_SELECTOR = YES;
				GCC_WARN_UNINITIALIZED_AUTOS = YES_AGGRESSIVE;
				GCC_WARN_UNUSED_FUNCTION = YES;
				GCC_WARN_UNUSED_VARIABLE = YES;
				IPHONEOS_DEPLOYMENT_TARGET = 14.0;
				MTL_ENABLE_DEBUG_INFO = NO;
				MTL_FAST_MATH = YES;
				SDKROOT = iphoneos;
				SWIFT_COMPILATION_MODE = wholemodule;
				SWIFT_OPTIMIZATION_LEVEL = "-O";
				VALIDATE_PRODUCT = YES;
			};
			name = Release;
		};
		641121DD2541C64F00917E72 /* Debug */ = {
			isa = XCBuildConfiguration;
			buildSettings = {
				ASSETCATALOG_COMPILER_APPICON_NAME = AppIcon;
				ASSETCATALOG_COMPILER_GLOBAL_ACCENT_COLOR_NAME = AccentColor;
				CODE_SIGN_STYLE = Automatic;
				DEVELOPMENT_TEAM = QYTMGGLSQ3;
				INFOPLIST_FILE = Instagram_iOS/Info.plist;
				LD_RUNPATH_SEARCH_PATHS = (
					"$(inherited)",
					"@executable_path/Frameworks",
				);
				PRODUCT_BUNDLE_IDENTIFIER = "com.ios-Instagram.app.Instagram-iOS";
				PRODUCT_NAME = "$(TARGET_NAME)";
				SWIFT_VERSION = 5.0;
				TARGETED_DEVICE_FAMILY = "1,2";
			};
			name = Debug;
		};
		641121DE2541C64F00917E72 /* Release */ = {
			isa = XCBuildConfiguration;
			buildSettings = {
				ASSETCATALOG_COMPILER_APPICON_NAME = AppIcon;
				ASSETCATALOG_COMPILER_GLOBAL_ACCENT_COLOR_NAME = AccentColor;
				CODE_SIGN_STYLE = Automatic;
				DEVELOPMENT_TEAM = QYTMGGLSQ3;
				INFOPLIST_FILE = Instagram_iOS/Info.plist;
				LD_RUNPATH_SEARCH_PATHS = (
					"$(inherited)",
					"@executable_path/Frameworks",
				);
				PRODUCT_BUNDLE_IDENTIFIER = "com.ios-Instagram.app.Instagram-iOS";
				PRODUCT_NAME = "$(TARGET_NAME)";
				SWIFT_VERSION = 5.0;
				TARGETED_DEVICE_FAMILY = "1,2";
			};
			name = Release;
		};
		641121E02541C64F00917E72 /* Debug */ = {
			isa = XCBuildConfiguration;
			buildSettings = {
				ALWAYS_EMBED_SWIFT_STANDARD_LIBRARIES = YES;
				BUNDLE_LOADER = "$(TEST_HOST)";
				CODE_SIGN_STYLE = Automatic;
				DEVELOPMENT_TEAM = QYTMGGLSQ3;
				INFOPLIST_FILE = Instagram_iOSTests/Info.plist;
				IPHONEOS_DEPLOYMENT_TARGET = 14.0;
				LD_RUNPATH_SEARCH_PATHS = (
					"$(inherited)",
					"@executable_path/Frameworks",
					"@loader_path/Frameworks",
				);
				PRODUCT_BUNDLE_IDENTIFIER = "com.ios-Instagram.app.Instagram-iOSTests";
				PRODUCT_NAME = "$(TARGET_NAME)";
				SWIFT_VERSION = 5.0;
				TARGETED_DEVICE_FAMILY = "1,2";
				TEST_HOST = "$(BUILT_PRODUCTS_DIR)/Instagram_iOS.app/Instagram_iOS";
			};
			name = Debug;
		};
		641121E12541C64F00917E72 /* Release */ = {
			isa = XCBuildConfiguration;
			buildSettings = {
				ALWAYS_EMBED_SWIFT_STANDARD_LIBRARIES = YES;
				BUNDLE_LOADER = "$(TEST_HOST)";
				CODE_SIGN_STYLE = Automatic;
				DEVELOPMENT_TEAM = QYTMGGLSQ3;
				INFOPLIST_FILE = Instagram_iOSTests/Info.plist;
				IPHONEOS_DEPLOYMENT_TARGET = 14.0;
				LD_RUNPATH_SEARCH_PATHS = (
					"$(inherited)",
					"@executable_path/Frameworks",
					"@loader_path/Frameworks",
				);
				PRODUCT_BUNDLE_IDENTIFIER = "com.ios-Instagram.app.Instagram-iOSTests";
				PRODUCT_NAME = "$(TARGET_NAME)";
				SWIFT_VERSION = 5.0;
				TARGETED_DEVICE_FAMILY = "1,2";
				TEST_HOST = "$(BUILT_PRODUCTS_DIR)/Instagram_iOS.app/Instagram_iOS";
			};
			name = Release;
		};
		641121E32541C64F00917E72 /* Debug */ = {
			isa = XCBuildConfiguration;
			buildSettings = {
				ALWAYS_EMBED_SWIFT_STANDARD_LIBRARIES = YES;
				CODE_SIGN_STYLE = Automatic;
				DEVELOPMENT_TEAM = QYTMGGLSQ3;
				INFOPLIST_FILE = Instagram_iOSUITests/Info.plist;
				LD_RUNPATH_SEARCH_PATHS = (
					"$(inherited)",
					"@executable_path/Frameworks",
					"@loader_path/Frameworks",
				);
				PRODUCT_BUNDLE_IDENTIFIER = "com.ios-Instagram.app.Instagram-iOSUITests";
				PRODUCT_NAME = "$(TARGET_NAME)";
				SWIFT_VERSION = 5.0;
				TARGETED_DEVICE_FAMILY = "1,2";
				TEST_TARGET_NAME = Instagram_iOS;
			};
			name = Debug;
		};
		641121E42541C64F00917E72 /* Release */ = {
			isa = XCBuildConfiguration;
			buildSettings = {
				ALWAYS_EMBED_SWIFT_STANDARD_LIBRARIES = YES;
				CODE_SIGN_STYLE = Automatic;
				DEVELOPMENT_TEAM = QYTMGGLSQ3;
				INFOPLIST_FILE = Instagram_iOSUITests/Info.plist;
				LD_RUNPATH_SEARCH_PATHS = (
					"$(inherited)",
					"@executable_path/Frameworks",
					"@loader_path/Frameworks",
				);
				PRODUCT_BUNDLE_IDENTIFIER = "com.ios-Instagram.app.Instagram-iOSUITests";
				PRODUCT_NAME = "$(TARGET_NAME)";
				SWIFT_VERSION = 5.0;
				TARGETED_DEVICE_FAMILY = "1,2";
				TEST_TARGET_NAME = Instagram_iOS;
			};
			name = Release;
		};
/* End XCBuildConfiguration section */

/* Begin XCConfigurationList section */
		641121AD2541C64D00917E72 /* Build configuration list for PBXProject "Instagram_iOS" */ = {
			isa = XCConfigurationList;
			buildConfigurations = (
				641121DA2541C64F00917E72 /* Debug */,
				641121DB2541C64F00917E72 /* Release */,
			);
			defaultConfigurationIsVisible = 0;
			defaultConfigurationName = Release;
		};
		641121DC2541C64F00917E72 /* Build configuration list for PBXNativeTarget "Instagram_iOS" */ = {
			isa = XCConfigurationList;
			buildConfigurations = (
				641121DD2541C64F00917E72 /* Debug */,
				641121DE2541C64F00917E72 /* Release */,
			);
			defaultConfigurationIsVisible = 0;
			defaultConfigurationName = Release;
		};
		641121DF2541C64F00917E72 /* Build configuration list for PBXNativeTarget "Instagram_iOSTests" */ = {
			isa = XCConfigurationList;
			buildConfigurations = (
				641121E02541C64F00917E72 /* Debug */,
				641121E12541C64F00917E72 /* Release */,
			);
			defaultConfigurationIsVisible = 0;
			defaultConfigurationName = Release;
		};
		641121E22541C64F00917E72 /* Build configuration list for PBXNativeTarget "Instagram_iOSUITests" */ = {
			isa = XCConfigurationList;
			buildConfigurations = (
				641121E32541C64F00917E72 /* Debug */,
				641121E42541C64F00917E72 /* Release */,
			);
			defaultConfigurationIsVisible = 0;
			defaultConfigurationName = Release;
		};
/* End XCConfigurationList section */
	};
	rootObject = 641121AA2541C64D00917E72 /* Project object */;
}
